// !$*UTF8*$!
{
	archiveVersion = 1;
	classes = {
	};
	objectVersion = 55;
	objects = {

/* Begin PBXBuildFile section */
		2CC9727728B6494B001A7855 /* AppDelegate.swift in Sources */ = {isa = PBXBuildFile; fileRef = 2CC9727628B6494B001A7855 /* AppDelegate.swift */; };
		2CC9727928B6494B001A7855 /* SceneDelegate.swift in Sources */ = {isa = PBXBuildFile; fileRef = 2CC9727828B6494B001A7855 /* SceneDelegate.swift */; };
		2CC9728028B6494D001A7855 /* Assets.xcassets in Resources */ = {isa = PBXBuildFile; fileRef = 2CC9727F28B6494D001A7855 /* Assets.xcassets */; };
		2CC9728328B6494D001A7855 /* LaunchScreen.storyboard in Resources */ = {isa = PBXBuildFile; fileRef = 2CC9728128B6494D001A7855 /* LaunchScreen.storyboard */; };
		2CC9728E28B6494D001A7855 /* BookshelfTests.swift in Sources */ = {isa = PBXBuildFile; fileRef = 2CC9728D28B6494D001A7855 /* BookshelfTests.swift */; };
		2CC9729828B6494D001A7855 /* BookshelfUITests.swift in Sources */ = {isa = PBXBuildFile; fileRef = 2CC9729728B6494D001A7855 /* BookshelfUITests.swift */; };
		2CC9729A28B6494D001A7855 /* BookshelfUITestsLaunchTests.swift in Sources */ = {isa = PBXBuildFile; fileRef = 2CC9729928B6494D001A7855 /* BookshelfUITestsLaunchTests.swift */; };
		2CC972A728B64AF5001A7855 /* TabBarController.swift in Sources */ = {isa = PBXBuildFile; fileRef = 2CC972A628B64AF5001A7855 /* TabBarController.swift */; };
		2CC972AB28B64C80001A7855 /* HomeViewController.swift in Sources */ = {isa = PBXBuildFile; fileRef = 2CC972AA28B64C80001A7855 /* HomeViewController.swift */; };
		2CC972AD28B64CD5001A7855 /* LibraryViewController.swift in Sources */ = {isa = PBXBuildFile; fileRef = 2CC972AC28B64CD5001A7855 /* LibraryViewController.swift */; };
		2CC972AF28B64D3B001A7855 /* FindViewController.swift in Sources */ = {isa = PBXBuildFile; fileRef = 2CC972AE28B64D3B001A7855 /* FindViewController.swift */; };
/* End PBXBuildFile section */

/* Begin PBXContainerItemProxy section */
		2CC9728A28B6494D001A7855 /* PBXContainerItemProxy */ = {
			isa = PBXContainerItemProxy;
			containerPortal = 2CC9726B28B6494B001A7855 /* Project object */;
			proxyType = 1;
			remoteGlobalIDString = 2CC9727228B6494B001A7855;
			remoteInfo = Bookshelf;
		};
		2CC9729428B6494D001A7855 /* PBXContainerItemProxy */ = {
			isa = PBXContainerItemProxy;
			containerPortal = 2CC9726B28B6494B001A7855 /* Project object */;
			proxyType = 1;
			remoteGlobalIDString = 2CC9727228B6494B001A7855;
			remoteInfo = Bookshelf;
		};
/* End PBXContainerItemProxy section */

/* Begin PBXFileReference section */
		2CC9727328B6494B001A7855 /* Bookshelf.app */ = {isa = PBXFileReference; explicitFileType = wrapper.application; includeInIndex = 0; path = Bookshelf.app; sourceTree = BUILT_PRODUCTS_DIR; };
		2CC9727628B6494B001A7855 /* AppDelegate.swift */ = {isa = PBXFileReference; lastKnownFileType = sourcecode.swift; path = AppDelegate.swift; sourceTree = "<group>"; };
		2CC9727828B6494B001A7855 /* SceneDelegate.swift */ = {isa = PBXFileReference; lastKnownFileType = sourcecode.swift; path = SceneDelegate.swift; sourceTree = "<group>"; };
		2CC9727F28B6494D001A7855 /* Assets.xcassets */ = {isa = PBXFileReference; lastKnownFileType = folder.assetcatalog; path = Assets.xcassets; sourceTree = "<group>"; };
		2CC9728228B6494D001A7855 /* Base */ = {isa = PBXFileReference; lastKnownFileType = file.storyboard; name = Base; path = Base.lproj/LaunchScreen.storyboard; sourceTree = "<group>"; };
		2CC9728428B6494D001A7855 /* Info.plist */ = {isa = PBXFileReference; lastKnownFileType = text.plist.xml; path = Info.plist; sourceTree = "<group>"; };
		2CC9728928B6494D001A7855 /* BookshelfTests.xctest */ = {isa = PBXFileReference; explicitFileType = wrapper.cfbundle; includeInIndex = 0; path = BookshelfTests.xctest; sourceTree = BUILT_PRODUCTS_DIR; };
		2CC9728D28B6494D001A7855 /* BookshelfTests.swift */ = {isa = PBXFileReference; lastKnownFileType = sourcecode.swift; path = BookshelfTests.swift; sourceTree = "<group>"; };
		2CC9729328B6494D001A7855 /* BookshelfUITests.xctest */ = {isa = PBXFileReference; explicitFileType = wrapper.cfbundle; includeInIndex = 0; path = BookshelfUITests.xctest; sourceTree = BUILT_PRODUCTS_DIR; };
		2CC9729728B6494D001A7855 /* BookshelfUITests.swift */ = {isa = PBXFileReference; lastKnownFileType = sourcecode.swift; path = BookshelfUITests.swift; sourceTree = "<group>"; };
		2CC9729928B6494D001A7855 /* BookshelfUITestsLaunchTests.swift */ = {isa = PBXFileReference; lastKnownFileType = sourcecode.swift; path = BookshelfUITestsLaunchTests.swift; sourceTree = "<group>"; };
		2CC972A628B64AF5001A7855 /* TabBarController.swift */ = {isa = PBXFileReference; lastKnownFileType = sourcecode.swift; path = TabBarController.swift; sourceTree = "<group>"; };
		2CC972AA28B64C80001A7855 /* HomeViewController.swift */ = {isa = PBXFileReference; lastKnownFileType = sourcecode.swift; path = HomeViewController.swift; sourceTree = "<group>"; };
		2CC972AC28B64CD5001A7855 /* LibraryViewController.swift */ = {isa = PBXFileReference; lastKnownFileType = sourcecode.swift; path = LibraryViewController.swift; sourceTree = "<group>"; };
		2CC972AE28B64D3B001A7855 /* FindViewController.swift */ = {isa = PBXFileReference; lastKnownFileType = sourcecode.swift; path = FindViewController.swift; sourceTree = "<group>"; };
/* End PBXFileReference section */

/* Begin PBXFrameworksBuildPhase section */
		2CC9727028B6494B001A7855 /* Frameworks */ = {
			isa = PBXFrameworksBuildPhase;
			buildActionMask = 2147483647;
			files = (
			);
			runOnlyForDeploymentPostprocessing = 0;
		};
		2CC9728628B6494D001A7855 /* Frameworks */ = {
			isa = PBXFrameworksBuildPhase;
			buildActionMask = 2147483647;
			files = (
			);
			runOnlyForDeploymentPostprocessing = 0;
		};
		2CC9729028B6494D001A7855 /* Frameworks */ = {
			isa = PBXFrameworksBuildPhase;
			buildActionMask = 2147483647;
			files = (
			);
			runOnlyForDeploymentPostprocessing = 0;
		};
/* End PBXFrameworksBuildPhase section */

/* Begin PBXGroup section */
		2CC9726A28B6494B001A7855 = {
			isa = PBXGroup;
			children = (
				2CC9727528B6494B001A7855 /* Bookshelf */,
				2CC9728C28B6494D001A7855 /* BookshelfTests */,
				2CC9729628B6494D001A7855 /* BookshelfUITests */,
				2CC9727428B6494B001A7855 /* Products */,
			);
			sourceTree = "<group>";
		};
		2CC9727428B6494B001A7855 /* Products */ = {
			isa = PBXGroup;
			children = (
				2CC9727328B6494B001A7855 /* Bookshelf.app */,
				2CC9728928B6494D001A7855 /* BookshelfTests.xctest */,
				2CC9729328B6494D001A7855 /* BookshelfUITests.xctest */,
			);
			name = Products;
			sourceTree = "<group>";
		};
		2CC9727528B6494B001A7855 /* Bookshelf */ = {
			isa = PBXGroup;
			children = (
				2CC972B228B65108001A7855 /* Find */,
				2CC972B128B650F4001A7855 /* Library */,
				2CC972B028B650DA001A7855 /* Home */,
				2CC9727628B6494B001A7855 /* AppDelegate.swift */,
				2CC9727828B6494B001A7855 /* SceneDelegate.swift */,
				2CC9727F28B6494D001A7855 /* Assets.xcassets */,
				2CC9728128B6494D001A7855 /* LaunchScreen.storyboard */,
				2CC9728428B6494D001A7855 /* Info.plist */,
				2CC972A628B64AF5001A7855 /* TabBarController.swift */,
			);
			path = Bookshelf;
			sourceTree = "<group>";
		};
		2CC9728C28B6494D001A7855 /* BookshelfTests */ = {
			isa = PBXGroup;
			children = (
				2CC9728D28B6494D001A7855 /* BookshelfTests.swift */,
			);
			path = BookshelfTests;
			sourceTree = "<group>";
		};
		2CC9729628B6494D001A7855 /* BookshelfUITests */ = {
			isa = PBXGroup;
			children = (
				2CC9729728B6494D001A7855 /* BookshelfUITests.swift */,
				2CC9729928B6494D001A7855 /* BookshelfUITestsLaunchTests.swift */,
			);
			path = BookshelfUITests;
			sourceTree = "<group>";
		};
		2CC972B028B650DA001A7855 /* Home */ = {
			isa = PBXGroup;
			children = (
				2CC972AA28B64C80001A7855 /* HomeViewController.swift */,
			);
			path = Home;
			sourceTree = "<group>";
		};
		2CC972B128B650F4001A7855 /* Library */ = {
			isa = PBXGroup;
			children = (
				2CC972AC28B64CD5001A7855 /* LibraryViewController.swift */,
			);
			path = Library;
			sourceTree = "<group>";
		};
		2CC972B228B65108001A7855 /* Find */ = {
			isa = PBXGroup;
			children = (
				2CC972AE28B64D3B001A7855 /* FindViewController.swift */,
			);
			path = Find;
			sourceTree = "<group>";
		};
/* End PBXGroup section */

/* Begin PBXNativeTarget section */
		2CC9727228B6494B001A7855 /* Bookshelf */ = {
			isa = PBXNativeTarget;
			buildConfigurationList = 2CC9729D28B6494D001A7855 /* Build configuration list for PBXNativeTarget "Bookshelf" */;
			buildPhases = (
				2CC9726F28B6494B001A7855 /* Sources */,
				2CC9727028B6494B001A7855 /* Frameworks */,
				2CC9727128B6494B001A7855 /* Resources */,
			);
			buildRules = (
			);
			dependencies = (
			);
			name = Bookshelf;
			productName = Bookshelf;
			productReference = 2CC9727328B6494B001A7855 /* Bookshelf.app */;
			productType = "com.apple.product-type.application";
		};
		2CC9728828B6494D001A7855 /* BookshelfTests */ = {
			isa = PBXNativeTarget;
			buildConfigurationList = 2CC972A028B6494D001A7855 /* Build configuration list for PBXNativeTarget "BookshelfTests" */;
			buildPhases = (
				2CC9728528B6494D001A7855 /* Sources */,
				2CC9728628B6494D001A7855 /* Frameworks */,
				2CC9728728B6494D001A7855 /* Resources */,
			);
			buildRules = (
			);
			dependencies = (
				2CC9728B28B6494D001A7855 /* PBXTargetDependency */,
			);
			name = BookshelfTests;
			productName = BookshelfTests;
			productReference = 2CC9728928B6494D001A7855 /* BookshelfTests.xctest */;
			productType = "com.apple.product-type.bundle.unit-test";
		};
		2CC9729228B6494D001A7855 /* BookshelfUITests */ = {
			isa = PBXNativeTarget;
			buildConfigurationList = 2CC972A328B6494D001A7855 /* Build configuration list for PBXNativeTarget "BookshelfUITests" */;
			buildPhases = (
				2CC9728F28B6494D001A7855 /* Sources */,
				2CC9729028B6494D001A7855 /* Frameworks */,
				2CC9729128B6494D001A7855 /* Resources */,
			);
			buildRules = (
			);
			dependencies = (
				2CC9729528B6494D001A7855 /* PBXTargetDependency */,
			);
			name = BookshelfUITests;
			productName = BookshelfUITests;
			productReference = 2CC9729328B6494D001A7855 /* BookshelfUITests.xctest */;
			productType = "com.apple.product-type.bundle.ui-testing";
		};
/* End PBXNativeTarget section */

/* Begin PBXProject section */
		2CC9726B28B6494B001A7855 /* Project object */ = {
			isa = PBXProject;
			attributes = {
				BuildIndependentTargetsInParallel = 1;
				LastSwiftUpdateCheck = 1340;
				LastUpgradeCheck = 1340;
				TargetAttributes = {
					2CC9727228B6494B001A7855 = {
						CreatedOnToolsVersion = 13.4.1;
					};
					2CC9728828B6494D001A7855 = {
						CreatedOnToolsVersion = 13.4.1;
						TestTargetID = 2CC9727228B6494B001A7855;
					};
					2CC9729228B6494D001A7855 = {
						CreatedOnToolsVersion = 13.4.1;
						TestTargetID = 2CC9727228B6494B001A7855;
					};
				};
			};
			buildConfigurationList = 2CC9726E28B6494B001A7855 /* Build configuration list for PBXProject "Bookshelf" */;
			compatibilityVersion = "Xcode 13.0";
			developmentRegion = en;
			hasScannedForEncodings = 0;
			knownRegions = (
				en,
				Base,
			);
			mainGroup = 2CC9726A28B6494B001A7855;
			productRefGroup = 2CC9727428B6494B001A7855 /* Products */;
			projectDirPath = "";
			projectRoot = "";
			targets = (
				2CC9727228B6494B001A7855 /* Bookshelf */,
				2CC9728828B6494D001A7855 /* BookshelfTests */,
				2CC9729228B6494D001A7855 /* BookshelfUITests */,
			);
		};
/* End PBXProject section */

/* Begin PBXResourcesBuildPhase section */
		2CC9727128B6494B001A7855 /* Resources */ = {
			isa = PBXResourcesBuildPhase;
			buildActionMask = 2147483647;
			files = (
				2CC9728328B6494D001A7855 /* LaunchScreen.storyboard in Resources */,
				2CC9728028B6494D001A7855 /* Assets.xcassets in Resources */,
			);
			runOnlyForDeploymentPostprocessing = 0;
		};
		2CC9728728B6494D001A7855 /* Resources */ = {
			isa = PBXResourcesBuildPhase;
			buildActionMask = 2147483647;
			files = (
			);
			runOnlyForDeploymentPostprocessing = 0;
		};
		2CC9729128B6494D001A7855 /* Resources */ = {
			isa = PBXResourcesBuildPhase;
			buildActionMask = 2147483647;
			files = (
			);
			runOnlyForDeploymentPostprocessing = 0;
		};
/* End PBXResourcesBuildPhase section */

/* Begin PBXSourcesBuildPhase section */
		2CC9726F28B6494B001A7855 /* Sources */ = {
			isa = PBXSourcesBuildPhase;
			buildActionMask = 2147483647;
			files = (
				2CC972A728B64AF5001A7855 /* TabBarController.swift in Sources */,
				2CC9727728B6494B001A7855 /* AppDelegate.swift in Sources */,
				2CC9727928B6494B001A7855 /* SceneDelegate.swift in Sources */,
				2CC972AD28B64CD5001A7855 /* LibraryViewController.swift in Sources */,
				2CC972AF28B64D3B001A7855 /* FindViewController.swift in Sources */,
				2CC972AB28B64C80001A7855 /* HomeViewController.swift in Sources */,
			);
			runOnlyForDeploymentPostprocessing = 0;
		};
		2CC9728528B6494D001A7855 /* Sources */ = {
			isa = PBXSourcesBuildPhase;
			buildActionMask = 2147483647;
			files = (
				2CC9728E28B6494D001A7855 /* BookshelfTests.swift in Sources */,
			);
			runOnlyForDeploymentPostprocessing = 0;
		};
		2CC9728F28B6494D001A7855 /* Sources */ = {
			isa = PBXSourcesBuildPhase;
			buildActionMask = 2147483647;
			files = (
				2CC9729A28B6494D001A7855 /* BookshelfUITestsLaunchTests.swift in Sources */,
				2CC9729828B6494D001A7855 /* BookshelfUITests.swift in Sources */,
			);
			runOnlyForDeploymentPostprocessing = 0;
		};
/* End PBXSourcesBuildPhase section */

/* Begin PBXTargetDependency section */
		2CC9728B28B6494D001A7855 /* PBXTargetDependency */ = {
			isa = PBXTargetDependency;
			target = 2CC9727228B6494B001A7855 /* Bookshelf */;
			targetProxy = 2CC9728A28B6494D001A7855 /* PBXContainerItemProxy */;
		};
		2CC9729528B6494D001A7855 /* PBXTargetDependency */ = {
			isa = PBXTargetDependency;
			target = 2CC9727228B6494B001A7855 /* Bookshelf */;
			targetProxy = 2CC9729428B6494D001A7855 /* PBXContainerItemProxy */;
		};
/* End PBXTargetDependency section */

/* Begin PBXVariantGroup section */
		2CC9728128B6494D001A7855 /* LaunchScreen.storyboard */ = {
			isa = PBXVariantGroup;
			children = (
				2CC9728228B6494D001A7855 /* Base */,
			);
			name = LaunchScreen.storyboard;
			sourceTree = "<group>";
		};
/* End PBXVariantGroup section */

/* Begin XCBuildConfiguration section */
		2CC9729B28B6494D001A7855 /* Debug */ = {
			isa = XCBuildConfiguration;
			buildSettings = {
				ALWAYS_SEARCH_USER_PATHS = NO;
				CLANG_ANALYZER_NONNULL = YES;
				CLANG_ANALYZER_NUMBER_OBJECT_CONVERSION = YES_AGGRESSIVE;
				CLANG_CXX_LANGUAGE_STANDARD = "gnu++17";
				CLANG_ENABLE_MODULES = YES;
				CLANG_ENABLE_OBJC_ARC = YES;
				CLANG_ENABLE_OBJC_WEAK = YES;
				CLANG_WARN_BLOCK_CAPTURE_AUTORELEASING = YES;
				CLANG_WARN_BOOL_CONVERSION = YES;
				CLANG_WARN_COMMA = YES;
				CLANG_WARN_CONSTANT_CONVERSION = YES;
				CLANG_WARN_DEPRECATED_OBJC_IMPLEMENTATIONS = YES;
				CLANG_WARN_DIRECT_OBJC_ISA_USAGE = YES_ERROR;
				CLANG_WARN_DOCUMENTATION_COMMENTS = YES;
				CLANG_WARN_EMPTY_BODY = YES;
				CLANG_WARN_ENUM_CONVERSION = YES;
				CLANG_WARN_INFINITE_RECURSION = YES;
				CLANG_WARN_INT_CONVERSION = YES;
				CLANG_WARN_NON_LITERAL_NULL_CONVERSION = YES;
				CLANG_WARN_OBJC_IMPLICIT_RETAIN_SELF = YES;
				CLANG_WARN_OBJC_LITERAL_CONVERSION = YES;
				CLANG_WARN_OBJC_ROOT_CLASS = YES_ERROR;
				CLANG_WARN_QUOTED_INCLUDE_IN_FRAMEWORK_HEADER = YES;
				CLANG_WARN_RANGE_LOOP_ANALYSIS = YES;
				CLANG_WARN_STRICT_PROTOTYPES = YES;
				CLANG_WARN_SUSPICIOUS_MOVE = YES;
				CLANG_WARN_UNGUARDED_AVAILABILITY = YES_AGGRESSIVE;
				CLANG_WARN_UNREACHABLE_CODE = YES;
				CLANG_WARN__DUPLICATE_METHOD_MATCH = YES;
				COPY_PHASE_STRIP = NO;
				DEBUG_INFORMATION_FORMAT = dwarf;
				ENABLE_STRICT_OBJC_MSGSEND = YES;
				ENABLE_TESTABILITY = YES;
				GCC_C_LANGUAGE_STANDARD = gnu11;
				GCC_DYNAMIC_NO_PIC = NO;
				GCC_NO_COMMON_BLOCKS = YES;
				GCC_OPTIMIZATION_LEVEL = 0;
				GCC_PREPROCESSOR_DEFINITIONS = (
					"DEBUG=1",
					"$(inherited)",
				);
				GCC_WARN_64_TO_32_BIT_CONVERSION = YES;
				GCC_WARN_ABOUT_RETURN_TYPE = YES_ERROR;
				GCC_WARN_UNDECLARED_SELECTOR = YES;
				GCC_WARN_UNINITIALIZED_AUTOS = YES_AGGRESSIVE;
				GCC_WARN_UNUSED_FUNCTION = YES;
				GCC_WARN_UNUSED_VARIABLE = YES;
				IPHONEOS_DEPLOYMENT_TARGET = 15.5;
				MTL_ENABLE_DEBUG_INFO = INCLUDE_SOURCE;
				MTL_FAST_MATH = YES;
				ONLY_ACTIVE_ARCH = YES;
				SDKROOT = iphoneos;
				SWIFT_ACTIVE_COMPILATION_CONDITIONS = DEBUG;
				SWIFT_OPTIMIZATION_LEVEL = "-Onone";
			};
			name = Debug;
		};
		2CC9729C28B6494D001A7855 /* Release */ = {
			isa = XCBuildConfiguration;
			buildSettings = {
				ALWAYS_SEARCH_USER_PATHS = NO;
				CLANG_ANALYZER_NONNULL = YES;
				CLANG_ANALYZER_NUMBER_OBJECT_CONVERSION = YES_AGGRESSIVE;
				CLANG_CXX_LANGUAGE_STANDARD = "gnu++17";
				CLANG_ENABLE_MODULES = YES;
				CLANG_ENABLE_OBJC_ARC = YES;
				CLANG_ENABLE_OBJC_WEAK = YES;
				CLANG_WARN_BLOCK_CAPTURE_AUTORELEASING = YES;
				CLANG_WARN_BOOL_CONVERSION = YES;
				CLANG_WARN_COMMA = YES;
				CLANG_WARN_CONSTANT_CONVERSION = YES;
				CLANG_WARN_DEPRECATED_OBJC_IMPLEMENTATIONS = YES;
				CLANG_WARN_DIRECT_OBJC_ISA_USAGE = YES_ERROR;
				CLANG_WARN_DOCUMENTATION_COMMENTS = YES;
				CLANG_WARN_EMPTY_BODY = YES;
				CLANG_WARN_ENUM_CONVERSION = YES;
				CLANG_WARN_INFINITE_RECURSION = YES;
				CLANG_WARN_INT_CONVERSION = YES;
				CLANG_WARN_NON_LITERAL_NULL_CONVERSION = YES;
				CLANG_WARN_OBJC_IMPLICIT_RETAIN_SELF = YES;
				CLANG_WARN_OBJC_LITERAL_CONVERSION = YES;
				CLANG_WARN_OBJC_ROOT_CLASS = YES_ERROR;
				CLANG_WARN_QUOTED_INCLUDE_IN_FRAMEWORK_HEADER = YES;
				CLANG_WARN_RANGE_LOOP_ANALYSIS = YES;
				CLANG_WARN_STRICT_PROTOTYPES = YES;
				CLANG_WARN_SUSPICIOUS_MOVE = YES;
				CLANG_WARN_UNGUARDED_AVAILABILITY = YES_AGGRESSIVE;
				CLANG_WARN_UNREACHABLE_CODE = YES;
				CLANG_WARN__DUPLICATE_METHOD_MATCH = YES;
				COPY_PHASE_STRIP = NO;
				DEBUG_INFORMATION_FORMAT = "dwarf-with-dsym";
				ENABLE_NS_ASSERTIONS = NO;
				ENABLE_STRICT_OBJC_MSGSEND = YES;
				GCC_C_LANGUAGE_STANDARD = gnu11;
				GCC_NO_COMMON_BLOCKS = YES;
				GCC_WARN_64_TO_32_BIT_CONVERSION = YES;
				GCC_WARN_ABOUT_RETURN_TYPE = YES_ERROR;
				GCC_WARN_UNDECLARED_SELECTOR = YES;
				GCC_WARN_UNINITIALIZED_AUTOS = YES_AGGRESSIVE;
				GCC_WARN_UNUSED_FUNCTION = YES;
				GCC_WARN_UNUSED_VARIABLE = YES;
				IPHONEOS_DEPLOYMENT_TARGET = 15.5;
				MTL_ENABLE_DEBUG_INFO = NO;
				MTL_FAST_MATH = YES;
				SDKROOT = iphoneos;
				SWIFT_COMPILATION_MODE = wholemodule;
				SWIFT_OPTIMIZATION_LEVEL = "-O";
				VALIDATE_PRODUCT = YES;
			};
			name = Release;
		};
		2CC9729E28B6494D001A7855 /* Debug */ = {
			isa = XCBuildConfiguration;
			buildSettings = {
				ASSETCATALOG_COMPILER_APPICON_NAME = AppIcon;
				ASSETCATALOG_COMPILER_GLOBAL_ACCENT_COLOR_NAME = AccentColor;
				CODE_SIGN_STYLE = Automatic;
				CURRENT_PROJECT_VERSION = 1;
				GENERATE_INFOPLIST_FILE = YES;
				INFOPLIST_FILE = Bookshelf/Info.plist;
				INFOPLIST_KEY_UIApplicationSupportsIndirectInputEvents = YES;
				INFOPLIST_KEY_UILaunchStoryboardName = LaunchScreen;
				INFOPLIST_KEY_UISupportedInterfaceOrientations_iPad = "UIInterfaceOrientationPortrait UIInterfaceOrientationPortraitUpsideDown UIInterfaceOrientationLandscapeLeft UIInterfaceOrientationLandscapeRight";
				INFOPLIST_KEY_UISupportedInterfaceOrientations_iPhone = "UIInterfaceOrientationPortrait UIInterfaceOrientationLandscapeLeft UIInterfaceOrientationLandscapeRight";
				LD_RUNPATH_SEARCH_PATHS = (
					"$(inherited)",
					"@executable_path/Frameworks",
				);
				MARKETING_VERSION = 1.0;
				PRODUCT_BUNDLE_IDENTIFIER = com.mitsuaki1229.test.Bookshelf;
				PRODUCT_NAME = "$(TARGET_NAME)";
				SWIFT_EMIT_LOC_STRINGS = YES;
				SWIFT_VERSION = 5.0;
				TARGETED_DEVICE_FAMILY = "1,2";
			};
			name = Debug;
		};
		2CC9729F28B6494D001A7855 /* Release */ = {
			isa = XCBuildConfiguration;
			buildSettings = {
				ASSETCATALOG_COMPILER_APPICON_NAME = AppIcon;
				ASSETCATALOG_COMPILER_GLOBAL_ACCENT_COLOR_NAME = AccentColor;
				CODE_SIGN_STYLE = Automatic;
				CURRENT_PROJECT_VERSION = 1;
				GENERATE_INFOPLIST_FILE = YES;
				INFOPLIST_FILE = Bookshelf/Info.plist;
				INFOPLIST_KEY_UIApplicationSupportsIndirectInputEvents = YES;
				INFOPLIST_KEY_UILaunchStoryboardName = LaunchScreen;
				INFOPLIST_KEY_UISupportedInterfaceOrientations_iPad = "UIInterfaceOrientationPortrait UIInterfaceOrientationPortraitUpsideDown UIInterfaceOrientationLandscapeLeft UIInterfaceOrientationLandscapeRight";
				INFOPLIST_KEY_UISupportedInterfaceOrientations_iPhone = "UIInterfaceOrientationPortrait UIInterfaceOrientationLandscapeLeft UIInterfaceOrientationLandscapeRight";
				LD_RUNPATH_SEARCH_PATHS = (
					"$(inherited)",
					"@executable_path/Frameworks",
				);
				MARKETING_VERSION = 1.0;
				PRODUCT_BUNDLE_IDENTIFIER = com.mitsuaki1229.test.Bookshelf;
				PRODUCT_NAME = "$(TARGET_NAME)";
				SWIFT_EMIT_LOC_STRINGS = YES;
				SWIFT_VERSION = 5.0;
				TARGETED_DEVICE_FAMILY = "1,2";
			};
			name = Release;
		};
		2CC972A128B6494D001A7855 /* Debug */ = {
			isa = XCBuildConfiguration;
			buildSettings = {
				ALWAYS_EMBED_SWIFT_STANDARD_LIBRARIES = YES;
				BUNDLE_LOADER = "$(TEST_HOST)";
				CODE_SIGN_STYLE = Automatic;
				CURRENT_PROJECT_VERSION = 1;
				GENERATE_INFOPLIST_FILE = YES;
				IPHONEOS_DEPLOYMENT_TARGET = 15.5;
				MARKETING_VERSION = 1.0;
				PRODUCT_BUNDLE_IDENTIFIER = com.mitsuaki1229.test.BookshelfTests;
				PRODUCT_NAME = "$(TARGET_NAME)";
				SWIFT_EMIT_LOC_STRINGS = NO;
				SWIFT_VERSION = 5.0;
				TARGETED_DEVICE_FAMILY = "1,2";
				TEST_HOST = "$(BUILT_PRODUCTS_DIR)/Bookshelf.app/Bookshelf";
			};
			name = Debug;
		};
		2CC972A228B6494D001A7855 /* Release */ = {
			isa = XCBuildConfiguration;
			buildSettings = {
				ALWAYS_EMBED_SWIFT_STANDARD_LIBRARIES = YES;
				BUNDLE_LOADER = "$(TEST_HOST)";
				CODE_SIGN_STYLE = Automatic;
				CURRENT_PROJECT_VERSION = 1;
				GENERATE_INFOPLIST_FILE = YES;
				IPHONEOS_DEPLOYMENT_TARGET = 15.5;
				MARKETING_VERSION = 1.0;
				PRODUCT_BUNDLE_IDENTIFIER = com.mitsuaki1229.test.BookshelfTests;
				PRODUCT_NAME = "$(TARGET_NAME)";
				SWIFT_EMIT_LOC_STRINGS = NO;
				SWIFT_VERSION = 5.0;
				TARGETED_DEVICE_FAMILY = "1,2";
				TEST_HOST = "$(BUILT_PRODUCTS_DIR)/Bookshelf.app/Bookshelf";
			};
			name = Release;
		};
		2CC972A428B6494D001A7855 /* Debug */ = {
			isa = XCBuildConfiguration;
			buildSettings = {
				ALWAYS_EMBED_SWIFT_STANDARD_LIBRARIES = YES;
				CODE_SIGN_STYLE = Automatic;
				CURRENT_PROJECT_VERSION = 1;
				GENERATE_INFOPLIST_FILE = YES;
				MARKETING_VERSION = 1.0;
				PRODUCT_BUNDLE_IDENTIFIER = com.mitsuaki1229.test.BookshelfUITests;
				PRODUCT_NAME = "$(TARGET_NAME)";
				SWIFT_EMIT_LOC_STRINGS = NO;
				SWIFT_VERSION = 5.0;
				TARGETED_DEVICE_FAMILY = "1,2";
				TEST_TARGET_NAME = Bookshelf;
			};
			name = Debug;
		};
		2CC972A528B6494D001A7855 /* Release */ = {
			isa = XCBuildConfiguration;
			buildSettings = {
				ALWAYS_EMBED_SWIFT_STANDARD_LIBRARIES = YES;
				CODE_SIGN_STYLE = Automatic;
				CURRENT_PROJECT_VERSION = 1;
				GENERATE_INFOPLIST_FILE = YES;
				MARKETING_VERSION = 1.0;
				PRODUCT_BUNDLE_IDENTIFIER = com.mitsuaki1229.test.BookshelfUITests;
				PRODUCT_NAME = "$(TARGET_NAME)";
				SWIFT_EMIT_LOC_STRINGS = NO;
				SWIFT_VERSION = 5.0;
				TARGETED_DEVICE_FAMILY = "1,2";
				TEST_TARGET_NAME = Bookshelf;
			};
			name = Release;
		};
/* End XCBuildConfiguration section */

/* Begin XCConfigurationList section */
		2CC9726E28B6494B001A7855 /* Build configuration list for PBXProject "Bookshelf" */ = {
			isa = XCConfigurationList;
			buildConfigurations = (
				2CC9729B28B6494D001A7855 /* Debug */,
				2CC9729C28B6494D001A7855 /* Release */,
			);
			defaultConfigurationIsVisible = 0;
			defaultConfigurationName = Release;
		};
		2CC9729D28B6494D001A7855 /* Build configuration list for PBXNativeTarget "Bookshelf" */ = {
			isa = XCConfigurationList;
			buildConfigurations = (
				2CC9729E28B6494D001A7855 /* Debug */,
				2CC9729F28B6494D001A7855 /* Release */,
			);
			defaultConfigurationIsVisible = 0;
			defaultConfigurationName = Release;
		};
		2CC972A028B6494D001A7855 /* Build configuration list for PBXNativeTarget "BookshelfTests" */ = {
			isa = XCConfigurationList;
			buildConfigurations = (
				2CC972A128B6494D001A7855 /* Debug */,
				2CC972A228B6494D001A7855 /* Release */,
			);
			defaultConfigurationIsVisible = 0;
			defaultConfigurationName = Release;
		};
		2CC972A328B6494D001A7855 /* Build configuration list for PBXNativeTarget "BookshelfUITests" */ = {
			isa = XCConfigurationList;
			buildConfigurations = (
				2CC972A428B6494D001A7855 /* Debug */,
				2CC972A528B6494D001A7855 /* Release */,
			);
			defaultConfigurationIsVisible = 0;
			defaultConfigurationName = Release;
		};
/* End XCConfigurationList section */
	};
	rootObject = 2CC9726B28B6494B001A7855 /* Project object */;
}
